
Microsoft Visual Studio Solution File, Format Version 12.00
# Visual Studio Version 16
VisualStudioVersion = 16.0.31613.86
MinimumVisualStudioVersion = 10.0.40219.1
Project("{9A19103F-16F7-4668-BE54-9A1E7A4F7556}") = "CourseApp", "CourseApp\CourseApp.csproj", "{19F16416-FA1D-45A0-852B-1017C2CB5BEA}"
EndProject
Global
	GlobalSection(SolutionConfigurationPlatforms) = preSolution
		Debug|Any CPU = Debug|Any CPU
		Release|Any CPU = Release|Any CPU
	EndGlobalSection
	GlobalSection(ProjectConfigurationPlatforms) = postSolution
		{19F16416-FA1D-45A0-852B-1017C2CB5BEA}.Debug|Any CPU.ActiveCfg = Debug|Any CPU
		{19F16416-FA1D-45A0-852B-1017C2CB5BEA}.Debug|Any CPU.Build.0 = Debug|Any CPU
		{19F16416-FA1D-45A0-852B-1017C2CB5BEA}.Release|Any CPU.ActiveCfg = Release|Any CPU
		{19F16416-FA1D-45A0-852B-1017C2CB5BEA}.Release|Any CPU.Build.0 = Release|Any CPU
	EndGlobalSection
	GlobalSection(SolutionProperties) = preSolution
		HideSolutionNode = FALSE
	EndGlobalSection
	GlobalSection(ExtensibilityGlobals) = postSolution
		SolutionGuid = {A9C64E19-5021-43FA-BFA3-6D57B9F157F1}
	EndGlobalSection
EndGlobal
